{
  "nodes": {
    "disko": {
      "inputs": {
        "nixpkgs": [
          "nixpkgs"
        ]
      },
      "locked": {
        "lastModified": 1768923567,
        "narHash": "sha256-GVJ0jKsyXLuBzRMXCDY6D5J8wVdwP1DuQmmvYL/Vw/Q=",
        "owner": "nix-community",
        "repo": "disko",
        "rev": "00395d188e3594a1507f214a2f15d4ce5c07cb28",
        "type": "github"
      },
      "original": {
        "owner": "nix-community",
        "repo": "disko",
        "type": "github"
      }
    },
    "nixos-facter-modules": {
      "locked": {
        "lastModified": 1766558141,
        "narHash": "sha256-Ud9v49ZPsoDBFuyJSQ2Mpw1ZgAH/aMwUwwzrVoetNus=",
        "owner": "numtide",
        "repo": "nixos-facter-modules",
        "rev": "e796d536e3d83de74267069e179dc620a608ed7d",
        "type": "github"
      },
      "original": {
        "owner": "numtide",
        "repo": "nixos-facter-modules",
        "type": "github"
      }
    },
    "nixpkgs": {
      "locked": {
        "lastModified": 1769421245,
        "narHash": "sha256-m5QLKjpdhbDrhyrUbEm5Haq3lqE5Z6xh2tab5vTHUTo=",
        "owner": "NixOS",
        "repo": "nixpkgs",
        "rev": "5b265bda51b42a2a85af0a543c3e57b778b01b7d",
        "type": "github"
      },
      "original": {
        "owner": "NixOS",
        "ref": "nixpkgs-unstable",
        "repo": "nixpkgs",
        "type": "github"
      }
    },
    "root": {
      "inputs": {
        "disko": "disko",
        "nixos-facter-modules": "nixos-facter-modules",
        "nixpkgs": "nixpkgs",
        "vm-profile": "vm-profile"
      }
    },
    "vm-profile": {
      "inputs": {
        "nixpkgs": [
          "nixpkgs"
        ]
      },
      "locked": {
        "lastModified": 1751840920,
        "narHash": "sha256-NLspto+1R3PeHqf/5Gnx9SR8BiuH7sCg94QvCc9uXZw=",
        "owner": "dmitriiStepanidenko",
        "repo": "my-proxmox-vm-profile-nixos",
        "rev": "d6796e5b360ac1a2933cdef0ae6ea516abc53e6d",
        "type": "github"
      },
      "original": {
        "owner": "dmitriiStepanidenko",
        "repo": "my-proxmox-vm-profile-nixos",
        "type": "github"
      }
    }
  },
  "root": "root",
  "version": 7
}
